
Microsoft Visual Studio Solution File, Format Version 12.00
# Visual Studio Version 17
VisualStudioVersion = 17.0.31903.59
MinimumVisualStudioVersion = 10.0.40219.1
Project("{2150E333-8FDC-42A3-9474-1A3956D46DE8}") = "1 Entities", "1 Entities", "{0E7CCE3E-4A90-4FEE-9EB0-B97D5A82970E}"
EndProject
Project("{2150E333-8FDC-42A3-9474-1A3956D46DE8}") = "2 UseCases", "2 UseCases", "{87A43580-07D0-45D2-8736-B710C2FB7A9B}"
EndProject
Project("{2150E333-8FDC-42A3-9474-1A3956D46DE8}") = "3 Frameworks", "3 Frameworks", "{677AC6A0-0A48-46C4-BAF2-B2F85EF29B3C}"
EndProject
Project("{FAE04EC0-301F-11D3-BF4B-00C04F79EFBC}") = "Portfolio.Scalete.Domain", "src\Portfolio.Scalete.Domain\Portfolio.Scalete.Domain.csproj", "{273C0976-C491-4B90-A812-D3BB7C4429BF}"
EndProject
Project("{FAE04EC0-301F-11D3-BF4B-00C04F79EFBC}") = "Portfolio.Scalete.Infrastructure.Interfaces", "src\Portfolio.Scalete.Infrastructure.Interfaces\Portfolio.Scalete.Infrastructure.Interfaces.csproj", "{62461EC8-C9FC-4F04-86F7-C237647A431A}"
EndProject
Project("{FAE04EC0-301F-11D3-BF4B-00C04F79EFBC}") = "Portfolio.Scalete.Application.Interfaces", "src\Portfolio.Scalete.Application.Interfaces\Portfolio.Scalete.Application.Interfaces.csproj", "{C8C95739-5CA0-443C-8529-2AAC6A0CE196}"
EndProject
Project("{FAE04EC0-301F-11D3-BF4B-00C04F79EFBC}") = "Portfolio.Scalete.Application", "src\Portfolio.Scalete.Application\Portfolio.Scalete.Application.csproj", "{3835C7E1-8277-42A3-875D-1611BC9CE0A4}"
EndProject
Project("{FAE04EC0-301F-11D3-BF4B-00C04F79EFBC}") = "Portfolio.Scalete.DataAcces.SqlServer", "src\Portfolio.Scalete.DataAcces.SqlServer\Portfolio.Scalete.DataAcces.SqlServer.csproj", "{B36330D5-9FB3-4964-922F-82DC8AA552F6}"
EndProject
Project("{FAE04EC0-301F-11D3-BF4B-00C04F79EFBC}") = "Portfolio.Scalete.Api", "src\Portfolio.Scalete.Api\Portfolio.Scalete.Api.csproj", "{3C61BD3B-7C90-472C-A3B9-CC6A5C390096}"
EndProject

Global
	GlobalSection(SolutionConfigurationPlatforms) = preSolution
		Debug|Any CPU = Debug|Any CPU
		Release|Any CPU = Release|Any CPU
	EndGlobalSection
	GlobalSection(ProjectConfigurationPlatforms) = postSolution
		{273C0976-C491-4B90-A812-D3BB7C4429BF}.Debug|Any CPU.ActiveCfg = Debug|Any CPU
		{273C0976-C491-4B90-A812-D3BB7C4429BF}.Debug|Any CPU.Build.0 = Debug|Any CPU
		{273C0976-C491-4B90-A812-D3BB7C4429BF}.Release|Any CPU.ActiveCfg = Release|Any CPU
		{273C0976-C491-4B90-A812-D3BB7C4429BF}.Release|Any CPU.Build.0 = Release|Any CPU
		{62461EC8-C9FC-4F04-86F7-C237647A431A}.Debug|Any CPU.ActiveCfg = Debug|Any CPU
		{62461EC8-C9FC-4F04-86F7-C237647A431A}.Debug|Any CPU.Build.0 = Debug|Any CPU
		{62461EC8-C9FC-4F04-86F7-C237647A431A}.Release|Any CPU.ActiveCfg = Release|Any CPU
		{62461EC8-C9FC-4F04-86F7-C237647A431A}.Release|Any CPU.Build.0 = Release|Any CPU
		{C8C95739-5CA0-443C-8529-2AAC6A0CE196}.Debug|Any CPU.ActiveCfg = Debug|Any CPU
		{C8C95739-5CA0-443C-8529-2AAC6A0CE196}.Debug|Any CPU.Build.0 = Debug|Any CPU
		{C8C95739-5CA0-443C-8529-2AAC6A0CE196}.Release|Any CPU.ActiveCfg = Release|Any CPU
		{C8C95739-5CA0-443C-8529-2AAC6A0CE196}.Release|Any CPU.Build.0 = Release|Any CPU
		{3835C7E1-8277-42A3-875D-1611BC9CE0A4}.Debug|Any CPU.ActiveCfg = Debug|Any CPU
		{3835C7E1-8277-42A3-875D-1611BC9CE0A4}.Debug|Any CPU.Build.0 = Debug|Any CPU
		{3835C7E1-8277-42A3-875D-1611BC9CE0A4}.Release|Any CPU.ActiveCfg = Release|Any CPU
		{3835C7E1-8277-42A3-875D-1611BC9CE0A4}.Release|Any CPU.Build.0 = Release|Any CPU
		{B36330D5-9FB3-4964-922F-82DC8AA552F6}.Debug|Any CPU.ActiveCfg = Debug|Any CPU
		{B36330D5-9FB3-4964-922F-82DC8AA552F6}.Debug|Any CPU.Build.0 = Debug|Any CPU
		{B36330D5-9FB3-4964-922F-82DC8AA552F6}.Release|Any CPU.ActiveCfg = Release|Any CPU
		{B36330D5-9FB3-4964-922F-82DC8AA552F6}.Release|Any CPU.Build.0 = Release|Any CPU
		{3C61BD3B-7C90-472C-A3B9-CC6A5C390096}.Debug|Any CPU.ActiveCfg = Debug|Any CPU
		{3C61BD3B-7C90-472C-A3B9-CC6A5C390096}.Debug|Any CPU.Build.0 = Debug|Any CPU
		{3C61BD3B-7C90-472C-A3B9-CC6A5C390096}.Release|Any CPU.ActiveCfg = Release|Any CPU
		{3C61BD3B-7C90-472C-A3B9-CC6A5C390096}.Release|Any CPU.Build.0 = Release|Any CPU
	EndGlobalSection
	GlobalSection(SolutionProperties) = preSolution
		HideSolutionNode = FALSE
	EndGlobalSection
	GlobalSection(NestedProjects) = preSolution
		{273C0976-C491-4B90-A812-D3BB7C4429BF} = {0E7CCE3E-4A90-4FEE-9EB0-B97D5A82970E}
		{62461EC8-C9FC-4F04-86F7-C237647A431A} = {0E7CCE3E-4A90-4FEE-9EB0-B97D5A82970E}
		{C8C95739-5CA0-443C-8529-2AAC6A0CE196} = {87A43580-07D0-45D2-8736-B710C2FB7A9B}
		{3835C7E1-8277-42A3-875D-1611BC9CE0A4} = {87A43580-07D0-45D2-8736-B710C2FB7A9B}
		{B36330D5-9FB3-4964-922F-82DC8AA552F6} = {677AC6A0-0A48-46C4-BAF2-B2F85EF29B3C}
		{3C61BD3B-7C90-472C-A3B9-CC6A5C390096} = {677AC6A0-0A48-46C4-BAF2-B2F85EF29B3C}
	EndGlobalSection
EndGlobal
