
Microsoft Visual Studio Solution File, Format Version 12.00
# Visual Studio Version 17
VisualStudioVersion = 17.0.31903.59
MinimumVisualStudioVersion = 10.0.40219.1
Project("{2150E333-8FDC-42A3-9474-1A3956D46DE8}") = "1 Core", "1 Core", "{206B19CD-0375-43D7-B2C6-D18C080DA2D5}"
EndProject
Project("{2150E333-8FDC-42A3-9474-1A3956D46DE8}") = "1 Entities", "1 Entities", "{0E7CCE3E-4A90-4FEE-9EB0-B97D5A82970E}"
EndProject
Project("{2150E333-8FDC-42A3-9474-1A3956D46DE8}") = "2 Core.Interfaces", "2 Core.Interfaces", "{6B954530-D587-4290-8810-208AE3247CE2}"
EndProject
Project("{2150E333-8FDC-42A3-9474-1A3956D46DE8}") = "2 UseCases", "2 UseCases", "{87A43580-07D0-45D2-8736-B710C2FB7A9B}"
EndProject
Project("{2150E333-8FDC-42A3-9474-1A3956D46DE8}") = "3 Frameworks", "3 Frameworks", "{677AC6A0-0A48-46C4-BAF2-B2F85EF29B3C}"
EndProject
Project("{FAE04EC0-301F-11D3-BF4B-00C04F79EFBC}") = "Portfolio.Scalete.Domain", "src\Portfolio.Scalete.Domain\Portfolio.Scalete.Domain.csproj", "{6BB0EE05-278D-4CCD-8093-B9BFDD6174FE}"
EndProject
Project("{FAE04EC0-301F-11D3-BF4B-00C04F79EFBC}") = "Portfolio.Scalete.Infrastructure.Interfaces", "src\Portfolio.Scalete.Infrastructure.Interfaces\Portfolio.Scalete.Infrastructure.Interfaces.csproj", "{9CE6CC2E-C80A-4F17-841A-15AF3FC908D8}"
EndProject
Project("{FAE04EC0-301F-11D3-BF4B-00C04F79EFBC}") = "Portfolio.Scalete.Application.Interfaces", "src\Portfolio.Scalete.Application.Interfaces\Portfolio.Scalete.Application.Interfaces.csproj", "{07C8A726-249F-40EF-8354-F0F8F6C6A09F}"
EndProject
Project("{FAE04EC0-301F-11D3-BF4B-00C04F79EFBC}") = "Portfolio.Scalete.Application", "src\Portfolio.Scalete.Application\Portfolio.Scalete.Application.csproj", "{8EBC8D3E-59DC-4A39-A0B7-120464120FD6}"
EndProject
Project("{FAE04EC0-301F-11D3-BF4B-00C04F79EFBC}") = "Portfolio.Scalete.DataAccess.SqlServer", "src\Portfolio.Scalete.DataAccess.SqlServer\Portfolio.Scalete.DataAccess.SqlServer.csproj", "{B7C45581-1F67-462B-ACB3-710F6C1CBF3C}"
EndProject
Project("{FAE04EC0-301F-11D3-BF4B-00C04F79EFBC}") = "Portfolio.Scalete.Api", "src\Portfolio.Scalete.Api\Portfolio.Scalete.Api.csproj", "{F770916A-7D3A-4FC0-A077-7106F306F594}"
EndProject
Global
	GlobalSection(SolutionConfigurationPlatforms) = preSolution
		Debug|Any CPU = Debug|Any CPU
		Release|Any CPU = Release|Any CPU
	EndGlobalSection
	GlobalSection(ProjectConfigurationPlatforms) = postSolution
		{6BB0EE05-278D-4CCD-8093-B9BFDD6174FE}.Debug|Any CPU.ActiveCfg = Debug|Any CPU
		{6BB0EE05-278D-4CCD-8093-B9BFDD6174FE}.Debug|Any CPU.Build.0 = Debug|Any CPU
		{6BB0EE05-278D-4CCD-8093-B9BFDD6174FE}.Release|Any CPU.ActiveCfg = Release|Any CPU
		{6BB0EE05-278D-4CCD-8093-B9BFDD6174FE}.Release|Any CPU.Build.0 = Release|Any CPU
		{9CE6CC2E-C80A-4F17-841A-15AF3FC908D8}.Debug|Any CPU.ActiveCfg = Debug|Any CPU
		{9CE6CC2E-C80A-4F17-841A-15AF3FC908D8}.Debug|Any CPU.Build.0 = Debug|Any CPU
		{9CE6CC2E-C80A-4F17-841A-15AF3FC908D8}.Release|Any CPU.ActiveCfg = Release|Any CPU
		{9CE6CC2E-C80A-4F17-841A-15AF3FC908D8}.Release|Any CPU.Build.0 = Release|Any CPU
		{07C8A726-249F-40EF-8354-F0F8F6C6A09F}.Debug|Any CPU.ActiveCfg = Debug|Any CPU
		{07C8A726-249F-40EF-8354-F0F8F6C6A09F}.Debug|Any CPU.Build.0 = Debug|Any CPU
		{07C8A726-249F-40EF-8354-F0F8F6C6A09F}.Release|Any CPU.ActiveCfg = Release|Any CPU
		{07C8A726-249F-40EF-8354-F0F8F6C6A09F}.Release|Any CPU.Build.0 = Release|Any CPU
		{8EBC8D3E-59DC-4A39-A0B7-120464120FD6}.Debug|Any CPU.ActiveCfg = Debug|Any CPU
		{8EBC8D3E-59DC-4A39-A0B7-120464120FD6}.Debug|Any CPU.Build.0 = Debug|Any CPU
		{8EBC8D3E-59DC-4A39-A0B7-120464120FD6}.Release|Any CPU.ActiveCfg = Release|Any CPU
		{8EBC8D3E-59DC-4A39-A0B7-120464120FD6}.Release|Any CPU.Build.0 = Release|Any CPU
		{B7C45581-1F67-462B-ACB3-710F6C1CBF3C}.Debug|Any CPU.ActiveCfg = Debug|Any CPU
		{B7C45581-1F67-462B-ACB3-710F6C1CBF3C}.Debug|Any CPU.Build.0 = Debug|Any CPU
		{B7C45581-1F67-462B-ACB3-710F6C1CBF3C}.Release|Any CPU.ActiveCfg = Release|Any CPU
		{B7C45581-1F67-462B-ACB3-710F6C1CBF3C}.Release|Any CPU.Build.0 = Release|Any CPU
		{F770916A-7D3A-4FC0-A077-7106F306F594}.Debug|Any CPU.ActiveCfg = Debug|Any CPU
		{F770916A-7D3A-4FC0-A077-7106F306F594}.Debug|Any CPU.Build.0 = Debug|Any CPU
		{F770916A-7D3A-4FC0-A077-7106F306F594}.Release|Any CPU.ActiveCfg = Release|Any CPU
		{F770916A-7D3A-4FC0-A077-7106F306F594}.Release|Any CPU.Build.0 = Release|Any CPU
	EndGlobalSection
	GlobalSection(SolutionProperties) = preSolution
		HideSolutionNode = FALSE
	EndGlobalSection
	GlobalSection(NestedProjects) = preSolution
		{0E7CCE3E-4A90-4FEE-9EB0-B97D5A82970E} = {206B19CD-0375-43D7-B2C6-D18C080DA2D5}
		{6BB0EE05-278D-4CCD-8093-B9BFDD6174FE} = {0E7CCE3E-4A90-4FEE-9EB0-B97D5A82970E}
		{6B954530-D587-4290-8810-208AE3247CE2} = {206B19CD-0375-43D7-B2C6-D18C080DA2D5}
		{9CE6CC2E-C80A-4F17-841A-15AF3FC908D8} = {6B954530-D587-4290-8810-208AE3247CE2}
		{07C8A726-249F-40EF-8354-F0F8F6C6A09F} = {6B954530-D587-4290-8810-208AE3247CE2}
		{8EBC8D3E-59DC-4A39-A0B7-120464120FD6} = {87A43580-07D0-45D2-8736-B710C2FB7A9B}
		{B7C45581-1F67-462B-ACB3-710F6C1CBF3C} = {677AC6A0-0A48-46C4-BAF2-B2F85EF29B3C}
		{F770916A-7D3A-4FC0-A077-7106F306F594} = {677AC6A0-0A48-46C4-BAF2-B2F85EF29B3C}
	EndGlobalSection
EndGlobal
